{
  "name": "ncopyfile",
  "version": "0.0.0",
  "lockfileVersion": 1,
  "requires": true,
  "dependencies": {
    "ncol": {
      "version": "0.0.7",
      "resolved": "https://registry.npmjs.org/ncol/-/ncol-0.0.7.tgz",
      "integrity": "sha512-i2FeQ6DTG8dCglxBCdZpfTcZb0Sj8vdIF68AuSf0JJfnmhQj7PvKj13pL8qdJLxTOp+vwXucyp7zEV6ViS5fjw=="
    },
    "ncommand": {
      "version": "0.0.7",
      "resolved": "https://registry.npmjs.org/ncommand/-/ncommand-0.0.7.tgz",
      "integrity": "sha512-MUJ0+BnSOSvOj7zXRkqtfxfN/ip4VTdb8frJ46/IX0h3xoSBF+puK6JcqOOydL4dPAtX1xuevzkFC+MVMM8uKw==",
      "requires": {
        "ncol": "0.0.7"
      }
    }
  }
}
